// !$*UTF8*$!
{
	archiveVersion = 1;
	classes = {
	};
	objectVersion = 50;
	objects = {

/* Begin PBXBuildFile section */
		EA28FE4C21356840008B048D /* AppDelegate.swift in Sources */ = {isa = PBXBuildFile; fileRef = EA28FE4B21356840008B048D /* AppDelegate.swift */; };
		EA28FE4E21356840008B048D /* CategoriesVC.swift in Sources */ = {isa = PBXBuildFile; fileRef = EA28FE4D21356840008B048D /* CategoriesVC.swift */; };
		EA28FE5121356840008B048D /* Main.storyboard in Resources */ = {isa = PBXBuildFile; fileRef = EA28FE4F21356840008B048D /* Main.storyboard */; };
		EA28FE5321356841008B048D /* Assets.xcassets in Resources */ = {isa = PBXBuildFile; fileRef = EA28FE5221356841008B048D /* Assets.xcassets */; };
		EA28FE5621356841008B048D /* LaunchScreen.storyboard in Resources */ = {isa = PBXBuildFile; fileRef = EA28FE5421356841008B048D /* LaunchScreen.storyboard */; };
		EA28FE6321356F5F008B048D /* CategoryCell.swift in Sources */ = {isa = PBXBuildFile; fileRef = EA28FE6221356F5F008B048D /* CategoryCell.swift */; };
		EA28FE652136739E008B048D /* Category.swift in Sources */ = {isa = PBXBuildFile; fileRef = EA28FE642136739E008B048D /* Category.swift */; };
		EA28FE68213675C7008B048D /* DataService.swift in Sources */ = {isa = PBXBuildFile; fileRef = EA28FE67213675C7008B048D /* DataService.swift */; };
/* End PBXBuildFile section */

/* Begin PBXFileReference section */
		EA28FE4821356840008B048D /* coder-swag.app */ = {isa = PBXFileReference; explicitFileType = wrapper.application; includeInIndex = 0; path = "coder-swag.app"; sourceTree = BUILT_PRODUCTS_DIR; };
		EA28FE4B21356840008B048D /* AppDelegate.swift */ = {isa = PBXFileReference; lastKnownFileType = sourcecode.swift; path = AppDelegate.swift; sourceTree = "<group>"; };
		EA28FE4D21356840008B048D /* CategoriesVC.swift */ = {isa = PBXFileReference; lastKnownFileType = sourcecode.swift; path = CategoriesVC.swift; sourceTree = "<group>"; };
		EA28FE5021356840008B048D /* Base */ = {isa = PBXFileReference; lastKnownFileType = file.storyboard; name = Base; path = Base.lproj/Main.storyboard; sourceTree = "<group>"; };
		EA28FE5221356841008B048D /* Assets.xcassets */ = {isa = PBXFileReference; lastKnownFileType = folder.assetcatalog; path = Assets.xcassets; sourceTree = "<group>"; };
		EA28FE5521356841008B048D /* Base */ = {isa = PBXFileReference; lastKnownFileType = file.storyboard; name = Base; path = Base.lproj/LaunchScreen.storyboard; sourceTree = "<group>"; };
		EA28FE5721356841008B048D /* Info.plist */ = {isa = PBXFileReference; lastKnownFileType = text.plist.xml; path = Info.plist; sourceTree = "<group>"; };
		EA28FE6221356F5F008B048D /* CategoryCell.swift */ = {isa = PBXFileReference; lastKnownFileType = sourcecode.swift; path = CategoryCell.swift; sourceTree = "<group>"; };
		EA28FE642136739E008B048D /* Category.swift */ = {isa = PBXFileReference; lastKnownFileType = sourcecode.swift; path = Category.swift; sourceTree = "<group>"; };
		EA28FE67213675C7008B048D /* DataService.swift */ = {isa = PBXFileReference; lastKnownFileType = sourcecode.swift; path = DataService.swift; sourceTree = "<group>"; };
/* End PBXFileReference section */

/* Begin PBXFrameworksBuildPhase section */
		EA28FE4521356840008B048D /* Frameworks */ = {
			isa = PBXFrameworksBuildPhase;
			buildActionMask = 2147483647;
			files = (
			);
			runOnlyForDeploymentPostprocessing = 0;
		};
/* End PBXFrameworksBuildPhase section */

/* Begin PBXGroup section */
		EA28FE3F21356840008B048D = {
			isa = PBXGroup;
			children = (
				EA28FE4A21356840008B048D /* coder-swag */,
				EA28FE4921356840008B048D /* Products */,
			);
			sourceTree = "<group>";
		};
		EA28FE4921356840008B048D /* Products */ = {
			isa = PBXGroup;
			children = (
				EA28FE4821356840008B048D /* coder-swag.app */,
			);
			name = Products;
			sourceTree = "<group>";
		};
		EA28FE4A21356840008B048D /* coder-swag */ = {
			isa = PBXGroup;
			children = (
				EA28FE66213675B3008B048D /* Services */,
				EA28FE5F21356EE9008B048D /* View */,
				EA28FE5E21356EE0008B048D /* Model */,
				EA28FE5D21356E66008B048D /* Controller */,
				EA28FE4B21356840008B048D /* AppDelegate.swift */,
				EA28FE4F21356840008B048D /* Main.storyboard */,
				EA28FE5221356841008B048D /* Assets.xcassets */,
				EA28FE5421356841008B048D /* LaunchScreen.storyboard */,
				EA28FE5721356841008B048D /* Info.plist */,
			);
			path = "coder-swag";
			sourceTree = "<group>";
		};
		EA28FE5D21356E66008B048D /* Controller */ = {
			isa = PBXGroup;
			children = (
				EA28FE4D21356840008B048D /* CategoriesVC.swift */,
			);
			path = Controller;
			sourceTree = "<group>";
		};
		EA28FE5E21356EE0008B048D /* Model */ = {
			isa = PBXGroup;
			children = (
				EA28FE642136739E008B048D /* Category.swift */,
			);
			path = Model;
			sourceTree = "<group>";
		};
		EA28FE5F21356EE9008B048D /* View */ = {
			isa = PBXGroup;
			children = (
				EA28FE6221356F5F008B048D /* CategoryCell.swift */,
			);
			path = View;
			sourceTree = "<group>";
		};
		EA28FE66213675B3008B048D /* Services */ = {
			isa = PBXGroup;
			children = (
				EA28FE67213675C7008B048D /* DataService.swift */,
			);
			path = Services;
			sourceTree = "<group>";
		};
/* End PBXGroup section */

/* Begin PBXNativeTarget section */
		EA28FE4721356840008B048D /* coder-swag */ = {
			isa = PBXNativeTarget;
			buildConfigurationList = EA28FE5A21356841008B048D /* Build configuration list for PBXNativeTarget "coder-swag" */;
			buildPhases = (
				EA28FE4421356840008B048D /* Sources */,
				EA28FE4521356840008B048D /* Frameworks */,
				EA28FE4621356840008B048D /* Resources */,
			);
			buildRules = (
			);
			dependencies = (
			);
			name = "coder-swag";
			productName = "coder-swag";
			productReference = EA28FE4821356840008B048D /* coder-swag.app */;
			productType = "com.apple.product-type.application";
		};
/* End PBXNativeTarget section */

/* Begin PBXProject section */
		EA28FE4021356840008B048D /* Project object */ = {
			isa = PBXProject;
			attributes = {
				LastSwiftUpdateCheck = 0940;
				LastUpgradeCheck = 0940;
				ORGANIZATIONNAME = "Asset Ryskul";
				TargetAttributes = {
					EA28FE4721356840008B048D = {
						CreatedOnToolsVersion = 9.4.1;
					};
				};
			};
			buildConfigurationList = EA28FE4321356840008B048D /* Build configuration list for PBXProject "coder-swag" */;
			compatibilityVersion = "Xcode 9.3";
			developmentRegion = en;
			hasScannedForEncodings = 0;
			knownRegions = (
				en,
				Base,
			);
			mainGroup = EA28FE3F21356840008B048D;
			productRefGroup = EA28FE4921356840008B048D /* Products */;
			projectDirPath = "";
			projectRoot = "";
			targets = (
				EA28FE4721356840008B048D /* coder-swag */,
			);
		};
/* End PBXProject section */

/* Begin PBXResourcesBuildPhase section */
		EA28FE4621356840008B048D /* Resources */ = {
			isa = PBXResourcesBuildPhase;
			buildActionMask = 2147483647;
			files = (
				EA28FE5621356841008B048D /* LaunchScreen.storyboard in Resources */,
				EA28FE5321356841008B048D /* Assets.xcassets in Resources */,
				EA28FE5121356840008B048D /* Main.storyboard in Resources */,
			);
			runOnlyForDeploymentPostprocessing = 0;
		};
/* End PBXResourcesBuildPhase section */

/* Begin PBXSourcesBuildPhase section */
		EA28FE4421356840008B048D /* Sources */ = {
			isa = PBXSourcesBuildPhase;
			buildActionMask = 2147483647;
			files = (
				EA28FE4E21356840008B048D /* CategoriesVC.swift in Sources */,
				EA28FE4C21356840008B048D /* AppDelegate.swift in Sources */,
				EA28FE6321356F5F008B048D /* CategoryCell.swift in Sources */,
				EA28FE652136739E008B048D /* Category.swift in Sources */,
				EA28FE68213675C7008B048D /* DataService.swift in Sources */,
			);
			runOnlyForDeploymentPostprocessing = 0;
		};
/* End PBXSourcesBuildPhase section */

/* Begin PBXVariantGroup section */
		EA28FE4F21356840008B048D /* Main.storyboard */ = {
			isa = PBXVariantGroup;
			children = (
				EA28FE5021356840008B048D /* Base */,
			);
			name = Main.storyboard;
			sourceTree = "<group>";
		};
		EA28FE5421356841008B048D /* LaunchScreen.storyboard */ = {
			isa = PBXVariantGroup;
			children = (
				EA28FE5521356841008B048D /* Base */,
			);
			name = LaunchScreen.storyboard;
			sourceTree = "<group>";
		};
/* End PBXVariantGroup section */

/* Begin XCBuildConfiguration section */
		EA28FE5821356841008B048D /* Debug */ = {
			isa = XCBuildConfiguration;
			buildSettings = {
				ALWAYS_SEARCH_USER_PATHS = NO;
				CLANG_ANALYZER_NONNULL = YES;
				CLANG_ANALYZER_NUMBER_OBJECT_CONVERSION = YES_AGGRESSIVE;
				CLANG_CXX_LANGUAGE_STANDARD = "gnu++14";
				CLANG_CXX_LIBRARY = "libc++";
				CLANG_ENABLE_MODULES = YES;
				CLANG_ENABLE_OBJC_ARC = YES;
				CLANG_ENABLE_OBJC_WEAK = YES;
				CLANG_WARN_BLOCK_CAPTURE_AUTORELEASING = YES;
				CLANG_WARN_BOOL_CONVERSION = YES;
				CLANG_WARN_COMMA = YES;
				CLANG_WARN_CONSTANT_CONVERSION = YES;
				CLANG_WARN_DEPRECATED_OBJC_IMPLEMENTATIONS = YES;
				CLANG_WARN_DIRECT_OBJC_ISA_USAGE = YES_ERROR;
				CLANG_WARN_DOCUMENTATION_COMMENTS = YES;
				CLANG_WARN_EMPTY_BODY = YES;
				CLANG_WARN_ENUM_CONVERSION = YES;
				CLANG_WARN_INFINITE_RECURSION = YES;
				CLANG_WARN_INT_CONVERSION = YES;
				CLANG_WARN_NON_LITERAL_NULL_CONVERSION = YES;
				CLANG_WARN_OBJC_IMPLICIT_RETAIN_SELF = YES;
				CLANG_WARN_OBJC_LITERAL_CONVERSION = YES;
				CLANG_WARN_OBJC_ROOT_CLASS = YES_ERROR;
				CLANG_WARN_RANGE_LOOP_ANALYSIS = YES;
				CLANG_WARN_STRICT_PROTOTYPES = YES;
				CLANG_WARN_SUSPICIOUS_MOVE = YES;
				CLANG_WARN_UNGUARDED_AVAILABILITY = YES_AGGRESSIVE;
				CLANG_WARN_UNREACHABLE_CODE = YES;
				CLANG_WARN__DUPLICATE_METHOD_MATCH = YES;
				CODE_SIGN_IDENTITY = "iPhone Developer";
				COPY_PHASE_STRIP = NO;
				DEBUG_INFORMATION_FORMAT = dwarf;
				ENABLE_STRICT_OBJC_MSGSEND = YES;
				ENABLE_TESTABILITY = YES;
				GCC_C_LANGUAGE_STANDARD = gnu11;
				GCC_DYNAMIC_NO_PIC = NO;
				GCC_NO_COMMON_BLOCKS = YES;
				GCC_OPTIMIZATION_LEVEL = 0;
				GCC_PREPROCESSOR_DEFINITIONS = (
					"DEBUG=1",
					"$(inherited)",
				);
				GCC_WARN_64_TO_32_BIT_CONVERSION = YES;
				GCC_WARN_ABOUT_RETURN_TYPE = YES_ERROR;
				GCC_WARN_UNDECLARED_SELECTOR = YES;
				GCC_WARN_UNINITIALIZED_AUTOS = YES_AGGRESSIVE;
				GCC_WARN_UNUSED_FUNCTION = YES;
				GCC_WARN_UNUSED_VARIABLE = YES;
				IPHONEOS_DEPLOYMENT_TARGET = 11.4;
				MTL_ENABLE_DEBUG_INFO = YES;
				ONLY_ACTIVE_ARCH = YES;
				SDKROOT = iphoneos;
				SWIFT_ACTIVE_COMPILATION_CONDITIONS = DEBUG;
				SWIFT_OPTIMIZATION_LEVEL = "-Onone";
			};
			name = Debug;
		};
		EA28FE5921356841008B048D /* Release */ = {
			isa = XCBuildConfiguration;
			buildSettings = {
				ALWAYS_SEARCH_USER_PATHS = NO;
				CLANG_ANALYZER_NONNULL = YES;
				CLANG_ANALYZER_NUMBER_OBJECT_CONVERSION = YES_AGGRESSIVE;
				CLANG_CXX_LANGUAGE_STANDARD = "gnu++14";
				CLANG_CXX_LIBRARY = "libc++";
				CLANG_ENABLE_MODULES = YES;
				CLANG_ENABLE_OBJC_ARC = YES;
				CLANG_ENABLE_OBJC_WEAK = YES;
				CLANG_WARN_BLOCK_CAPTURE_AUTORELEASING = YES;
				CLANG_WARN_BOOL_CONVERSION = YES;
				CLANG_WARN_COMMA = YES;
				CLANG_WARN_CONSTANT_CONVERSION = YES;
				CLANG_WARN_DEPRECATED_OBJC_IMPLEMENTATIONS = YES;
				CLANG_WARN_DIRECT_OBJC_ISA_USAGE = YES_ERROR;
				CLANG_WARN_DOCUMENTATION_COMMENTS = YES;
				CLANG_WARN_EMPTY_BODY = YES;
				CLANG_WARN_ENUM_CONVERSION = YES;
				CLANG_WARN_INFINITE_RECURSION = YES;
				CLANG_WARN_INT_CONVERSION = YES;
				CLANG_WARN_NON_LITERAL_NULL_CONVERSION = YES;
				CLANG_WARN_OBJC_IMPLICIT_RETAIN_SELF = YES;
				CLANG_WARN_OBJC_LITERAL_CONVERSION = YES;
				CLANG_WARN_OBJC_ROOT_CLASS = YES_ERROR;
				CLANG_WARN_RANGE_LOOP_ANALYSIS = YES;
				CLANG_WARN_STRICT_PROTOTYPES = YES;
				CLANG_WARN_SUSPICIOUS_MOVE = YES;
				CLANG_WARN_UNGUARDED_AVAILABILITY = YES_AGGRESSIVE;
				CLANG_WARN_UNREACHABLE_CODE = YES;
				CLANG_WARN__DUPLICATE_METHOD_MATCH = YES;
				CODE_SIGN_IDENTITY = "iPhone Developer";
				COPY_PHASE_STRIP = NO;
				DEBUG_INFORMATION_FORMAT = "dwarf-with-dsym";
				ENABLE_NS_ASSERTIONS = NO;
				ENABLE_STRICT_OBJC_MSGSEND = YES;
				GCC_C_LANGUAGE_STANDARD = gnu11;
				GCC_NO_COMMON_BLOCKS = YES;
				GCC_WARN_64_TO_32_BIT_CONVERSION = YES;
				GCC_WARN_ABOUT_RETURN_TYPE = YES_ERROR;
				GCC_WARN_UNDECLARED_SELECTOR = YES;
				GCC_WARN_UNINITIALIZED_AUTOS = YES_AGGRESSIVE;
				GCC_WARN_UNUSED_FUNCTION = YES;
				GCC_WARN_UNUSED_VARIABLE = YES;
				IPHONEOS_DEPLOYMENT_TARGET = 11.4;
				MTL_ENABLE_DEBUG_INFO = NO;
				SDKROOT = iphoneos;
				SWIFT_COMPILATION_MODE = wholemodule;
				SWIFT_OPTIMIZATION_LEVEL = "-O";
				VALIDATE_PRODUCT = YES;
			};
			name = Release;
		};
		EA28FE5B21356841008B048D /* Debug */ = {
			isa = XCBuildConfiguration;
			buildSettings = {
				ASSETCATALOG_COMPILER_APPICON_NAME = AppIcon;
				CODE_SIGN_STYLE = Automatic;
				DEVELOPMENT_TEAM = VFG9JX68JX;
				INFOPLIST_FILE = "coder-swag/Info.plist";
				LD_RUNPATH_SEARCH_PATHS = (
					"$(inherited)",
					"@executable_path/Frameworks",
				);
				PRODUCT_BUNDLE_IDENTIFIER = "ar.coder-swag";
				PRODUCT_NAME = "$(TARGET_NAME)";
				SWIFT_VERSION = 4.0;
				TARGETED_DEVICE_FAMILY = "1,2";
			};
			name = Debug;
		};
		EA28FE5C21356841008B048D /* Release */ = {
			isa = XCBuildConfiguration;
			buildSettings = {
				ASSETCATALOG_COMPILER_APPICON_NAME = AppIcon;
				CODE_SIGN_STYLE = Automatic;
				DEVELOPMENT_TEAM = VFG9JX68JX;
				INFOPLIST_FILE = "coder-swag/Info.plist";
				LD_RUNPATH_SEARCH_PATHS = (
					"$(inherited)",
					"@executable_path/Frameworks",
				);
				PRODUCT_BUNDLE_IDENTIFIER = "ar.coder-swag";
				PRODUCT_NAME = "$(TARGET_NAME)";
				SWIFT_VERSION = 4.0;
				TARGETED_DEVICE_FAMILY = "1,2";
			};
			name = Release;
		};
/* End XCBuildConfiguration section */

/* Begin XCConfigurationList section */
		EA28FE4321356840008B048D /* Build configuration list for PBXProject "coder-swag" */ = {
			isa = XCConfigurationList;
			buildConfigurations = (
				EA28FE5821356841008B048D /* Debug */,
				EA28FE5921356841008B048D /* Release */,
			);
			defaultConfigurationIsVisible = 0;
			defaultConfigurationName = Release;
		};
		EA28FE5A21356841008B048D /* Build configuration list for PBXNativeTarget "coder-swag" */ = {
			isa = XCConfigurationList;
			buildConfigurations = (
				EA28FE5B21356841008B048D /* Debug */,
				EA28FE5C21356841008B048D /* Release */,
			);
			defaultConfigurationIsVisible = 0;
			defaultConfigurationName = Release;
		};
/* End XCConfigurationList section */
	};
	rootObject = EA28FE4021356840008B048D /* Project object */;
}
